// !$*UTF8*$!
{
	archiveVersion = 1;
	classes = {
	};
	objectVersion = 46;
	objects = {

/* Begin PBXBuildFile section */
		04CB92BCE3939D74AAAC6F44 /* Pods_StablTests.framework in Frameworks */ = {isa = PBXBuildFile; fileRef = F84B19DF71F2BEDEC32B06CC /* Pods_StablTests.framework */; };
		4801B8511C8BAD32005064F8 /* NewPodcast+CoreDataProperties.swift in Sources */ = {isa = PBXBuildFile; fileRef = 4801B84F1C8BAD32005064F8 /* NewPodcast+CoreDataProperties.swift */; };
		4801B8521C8BAD32005064F8 /* NewPodcast.swift in Sources */ = {isa = PBXBuildFile; fileRef = 4801B8501C8BAD32005064F8 /* NewPodcast.swift */; };
		480CBEBF1C3DDD6F002791A1 /* RssXMLParser.m in Sources */ = {isa = PBXBuildFile; fileRef = 480CBEBE1C3DDD6F002791A1 /* RssXMLParser.m */; };
		481049821C44822C0028AE46 /* ShowEpisodesViewController.m in Sources */ = {isa = PBXBuildFile; fileRef = 481049811C44822C0028AE46 /* ShowEpisodesViewController.m */; };
		481049891C44859A0028AE46 /* CustomTableViewCell.m in Sources */ = {isa = PBXBuildFile; fileRef = 481049881C44859A0028AE46 /* CustomTableViewCell.m */; };
		48350DA51DE26BA400762274 /* SearchResultsViewController.swift in Sources */ = {isa = PBXBuildFile; fileRef = 48350DA41DE26BA400762274 /* SearchResultsViewController.swift */; };
		483778B51CF65292004F3F79 /* CustomSlider.swift in Sources */ = {isa = PBXBuildFile; fileRef = 483778B41CF65292004F3F79 /* CustomSlider.swift */; };
		484BA3AC1C9F97C500BAEBC0 /* CoreData.framework in Frameworks */ = {isa = PBXBuildFile; fileRef = 484BA3AB1C9F97C500BAEBC0 /* CoreData.framework */; };
		484BA3B11CA0B9DA00BAEBC0 /* Podcast.swift in Sources */ = {isa = PBXBuildFile; fileRef = 484BA3B01CA0B9DA00BAEBC0 /* Podcast.swift */; };
		484E36C81C380E4F00520DAA /* AppDelegate.swift in Sources */ = {isa = PBXBuildFile; fileRef = 484E36C71C380E4F00520DAA /* AppDelegate.swift */; };
		484E36CA1C380E4F00520DAA /* ViewController.swift in Sources */ = {isa = PBXBuildFile; fileRef = 484E36C91C380E4F00520DAA /* ViewController.swift */; };
		484E36CD1C380E4F00520DAA /* Main.storyboard in Resources */ = {isa = PBXBuildFile; fileRef = 484E36CB1C380E4F00520DAA /* Main.storyboard */; };
		484E36D01C380E5000520DAA /* Stabl.xcdatamodeld in Sources */ = {isa = PBXBuildFile; fileRef = 484E36CE1C380E4F00520DAA /* Stabl.xcdatamodeld */; };
		484E36D21C380E5000520DAA /* Assets.xcassets in Resources */ = {isa = PBXBuildFile; fileRef = 484E36D11C380E5000520DAA /* Assets.xcassets */; };
		484E36D51C380E5000520DAA /* LaunchScreen.storyboard in Resources */ = {isa = PBXBuildFile; fileRef = 484E36D31C380E5000520DAA /* LaunchScreen.storyboard */; };
		484E36E01C380E5000520DAA /* StablTests.swift in Sources */ = {isa = PBXBuildFile; fileRef = 484E36DF1C380E5000520DAA /* StablTests.swift */; };
		484E36EB1C380E5000520DAA /* StablUITests.swift in Sources */ = {isa = PBXBuildFile; fileRef = 484E36EA1C380E5000520DAA /* StablUITests.swift */; };
		484E36FB1C387AA300520DAA /* SearchTableViewCell.swift in Sources */ = {isa = PBXBuildFile; fileRef = 484E36FA1C387AA300520DAA /* SearchTableViewCell.swift */; };
		484E36FD1C38809900520DAA /* ImageLoader.swift in Sources */ = {isa = PBXBuildFile; fileRef = 484E36FC1C38809900520DAA /* ImageLoader.swift */; };
		484E37171C3DAF4100520DAA /* libxml2.tbd in Frameworks */ = {isa = PBXBuildFile; fileRef = 484E37161C3DAF4100520DAA /* libxml2.tbd */; };
		484E371A1C3DAFA300520DAA /* Foundation.framework in Frameworks */ = {isa = PBXBuildFile; fileRef = 484E37191C3DAFA300520DAA /* Foundation.framework */; };
		484E371C1C3DAFB400520DAA /* CoreGraphics.framework in Frameworks */ = {isa = PBXBuildFile; fileRef = 484E371B1C3DAFB400520DAA /* CoreGraphics.framework */; };
		484E371E1C3DAFC300520DAA /* UIKit.framework in Frameworks */ = {isa = PBXBuildFile; fileRef = 484E371D1C3DAFC300520DAA /* UIKit.framework */; };
		4855DC391D88B83F00F8FDB1 /* SelectGenresViewController.swift in Sources */ = {isa = PBXBuildFile; fileRef = 4855DC381D88B83F00F8FDB1 /* SelectGenresViewController.swift */; };
		4855DC3B1D88BF6000F8FDB1 /* CustomCell.swift in Sources */ = {isa = PBXBuildFile; fileRef = 4855DC3A1D88BF6000F8FDB1 /* CustomCell.swift */; };
		486CB2171DB007FE000BA2D5 /* AssetsLibrary.framework in Frameworks */ = {isa = PBXBuildFile; fileRef = 486CB2161DB007FE000BA2D5 /* AssetsLibrary.framework */; };
		486CB2191DB00808000BA2D5 /* CoreText.framework in Frameworks */ = {isa = PBXBuildFile; fileRef = 486CB2181DB00808000BA2D5 /* CoreText.framework */; };
		486CB21B1DB00832000BA2D5 /* QuickLook.framework in Frameworks */ = {isa = PBXBuildFile; fileRef = 486CB21A1DB00832000BA2D5 /* QuickLook.framework */; };
		486CB21D1DB00853000BA2D5 /* libc++.tbd in Frameworks */ = {isa = PBXBuildFile; fileRef = 486CB21C1DB00853000BA2D5 /* libc++.tbd */; };
		488259171D8E03BA00F9B277 /* Dosis-Bold.ttf in Resources */ = {isa = PBXBuildFile; fileRef = 488259121D8E03BA00F9B277 /* Dosis-Bold.ttf */; };
		488259181D8E03BA00F9B277 /* Dosis-Book.ttf in Resources */ = {isa = PBXBuildFile; fileRef = 488259131D8E03BA00F9B277 /* Dosis-Book.ttf */; };
		488259191D8E03BA00F9B277 /* Dosis-Light.ttf in Resources */ = {isa = PBXBuildFile; fileRef = 488259141D8E03BA00F9B277 /* Dosis-Light.ttf */; };
		4882591A1D8E03BA00F9B277 /* Dosis-Medium.ttf in Resources */ = {isa = PBXBuildFile; fileRef = 488259151D8E03BA00F9B277 /* Dosis-Medium.ttf */; };
		4882591B1D8E03BA00F9B277 /* Dosis-SemiBold.ttf in Resources */ = {isa = PBXBuildFile; fileRef = 488259161D8E03BA00F9B277 /* Dosis-SemiBold.ttf */; };
		4882591E1D8E04B000F9B277 /* SelectDurationViewController.swift in Sources */ = {isa = PBXBuildFile; fileRef = 4882591D1D8E04B000F9B277 /* SelectDurationViewController.swift */; };
		488259241D8E29F600F9B277 /* BaseViewController.m in Sources */ = {isa = PBXBuildFile; fileRef = 488259231D8E29F600F9B277 /* BaseViewController.m */; };
		488259251D8E29F600F9B277 /* BaseViewController.m in Sources */ = {isa = PBXBuildFile; fileRef = 488259231D8E29F600F9B277 /* BaseViewController.m */; };
		4887D6FB1E31711500990C8F /* SnapshotHelper.swift in Sources */ = {isa = PBXBuildFile; fileRef = 4887D6FA1E31711500990C8F /* SnapshotHelper.swift */; };
		489A9A4F1E166ADD006C3481 /* NotesViewController.swift in Sources */ = {isa = PBXBuildFile; fileRef = 489A9A4E1E166ADD006C3481 /* NotesViewController.swift */; };
		48B50C041E429FB7006D6910 /* GoogleService-Info.plist in Resources */ = {isa = PBXBuildFile; fileRef = 48B50C031E429FB7006D6910 /* GoogleService-Info.plist */; };
		48BD3E031CFBB25A0028FC48 /* MediaPlayer.framework in Frameworks */ = {isa = PBXBuildFile; fileRef = 48BD3E021CFBB25A0028FC48 /* MediaPlayer.framework */; };
		48E0E2291C4ECC050018334D /* ParseAPI.m in Sources */ = {isa = PBXBuildFile; fileRef = 48E0E2281C4ECC050018334D /* ParseAPI.m */; };
		48E0E22C1C4ED1E40018334D /* Global.m in Sources */ = {isa = PBXBuildFile; fileRef = 48E0E22B1C4ED1E40018334D /* Global.m */; };
		48E0E22E1C4ED3A10018334D /* CFNetwork.framework in Frameworks */ = {isa = PBXBuildFile; fileRef = 48E0E22D1C4ED3A10018334D /* CFNetwork.framework */; };
		48E0E2321C4ED3F10018334D /* Security.framework in Frameworks */ = {isa = PBXBuildFile; fileRef = 48E0E2311C4ED3F10018334D /* Security.framework */; };
		48E0E2341C4ED4010018334D /* SystemConfiguration.framework in Frameworks */ = {isa = PBXBuildFile; fileRef = 48E0E2331C4ED4010018334D /* SystemConfiguration.framework */; };
		48E0E2361C4ED4250018334D /* AudioToolbox.framework in Frameworks */ = {isa = PBXBuildFile; fileRef = 48E0E2351C4ED4250018334D /* AudioToolbox.framework */; };
		48E0E2381C4ED4370018334D /* QuartzCore.framework in Frameworks */ = {isa = PBXBuildFile; fileRef = 48E0E2371C4ED4370018334D /* QuartzCore.framework */; };
		48E0E23A1C4ED4570018334D /* libz.1.1.3.tbd in Frameworks */ = {isa = PBXBuildFile; fileRef = 48E0E2391C4ED4570018334D /* libz.1.1.3.tbd */; };
		48E0E23B1C4ED45C0018334D /* MobileCoreServices.framework in Frameworks */ = {isa = PBXBuildFile; fileRef = 48E0E22F1C4ED3A80018334D /* MobileCoreServices.framework */; };
		48E0E2441C56F2960018334D /* AVFoundation.framework in Frameworks */ = {isa = PBXBuildFile; fileRef = 48E0E2431C56F2960018334D /* AVFoundation.framework */; };
		48E0E24C1C56F3B00018334D /* CoreMedia.framework in Frameworks */ = {isa = PBXBuildFile; fileRef = 48E0E24B1C56F3B00018334D /* CoreMedia.framework */; };
		48E0E2511C56F42F0018334D /* AAPLPlayerView.m in Sources */ = {isa = PBXBuildFile; fileRef = 48E0E24E1C56F42F0018334D /* AAPLPlayerView.m */; };
		48E0E2521C56F42F0018334D /* AAPLPlayerViewController.m in Sources */ = {isa = PBXBuildFile; fileRef = 48E0E2501C56F42F0018334D /* AAPLPlayerViewController.m */; };
		48F90E6C1D9204620048F7A5 /* WelcomeViewController.swift in Sources */ = {isa = PBXBuildFile; fileRef = 48F90E6B1D9204620048F7A5 /* WelcomeViewController.swift */; };
		ABDB1084CEEE45F54F51598B /* Pods_StablUITests.framework in Frameworks */ = {isa = PBXBuildFile; fileRef = 2969E14C24861F8BDFCB83B7 /* Pods_StablUITests.framework */; };
		C7D2C8077BB9041380322C76 /* Pods_Stabl.framework in Frameworks */ = {isa = PBXBuildFile; fileRef = 79B582F991CDDC52AC2A9200 /* Pods_Stabl.framework */; };
/* End PBXBuildFile section */

/* Begin PBXContainerItemProxy section */
		484E36DC1C380E5000520DAA /* PBXContainerItemProxy */ = {
			isa = PBXContainerItemProxy;
			containerPortal = 484E36BC1C380E4F00520DAA /* Project object */;
			proxyType = 1;
			remoteGlobalIDString = 484E36C31C380E4F00520DAA;
			remoteInfo = Stabl;
		};
		484E36E71C380E5000520DAA /* PBXContainerItemProxy */ = {
			isa = PBXContainerItemProxy;
			containerPortal = 484E36BC1C380E4F00520DAA /* Project object */;
			proxyType = 1;
			remoteGlobalIDString = 484E36C31C380E4F00520DAA;
			remoteInfo = Stabl;
		};
/* End PBXContainerItemProxy section */

/* Begin PBXFileReference section */
		03B1A7306EC10A5702115335 /* Pods-Stabl.debug.xcconfig */ = {isa = PBXFileReference; includeInIndex = 1; lastKnownFileType = text.xcconfig; name = "Pods-Stabl.debug.xcconfig"; path = "Pods/Target Support Files/Pods-Stabl/Pods-Stabl.debug.xcconfig"; sourceTree = "<group>"; };
		2969E14C24861F8BDFCB83B7 /* Pods_StablUITests.framework */ = {isa = PBXFileReference; explicitFileType = wrapper.framework; includeInIndex = 0; path = Pods_StablUITests.framework; sourceTree = BUILT_PRODUCTS_DIR; };
		4801B84F1C8BAD32005064F8 /* NewPodcast+CoreDataProperties.swift */ = {isa = PBXFileReference; fileEncoding = 4; lastKnownFileType = sourcecode.swift; path = "NewPodcast+CoreDataProperties.swift"; sourceTree = "<group>"; };
		4801B8501C8BAD32005064F8 /* NewPodcast.swift */ = {isa = PBXFileReference; fileEncoding = 4; lastKnownFileType = sourcecode.swift; path = NewPodcast.swift; sourceTree = "<group>"; };
		480A32421C7FACA200542C2B /* Consts.h */ = {isa = PBXFileReference; fileEncoding = 4; lastKnownFileType = sourcecode.c.h; path = Consts.h; sourceTree = "<group>"; };
		480CBEBD1C3DDD6F002791A1 /* RssXMLParser.h */ = {isa = PBXFileReference; fileEncoding = 4; lastKnownFileType = sourcecode.c.h; path = RssXMLParser.h; sourceTree = "<group>"; };
		480CBEBE1C3DDD6F002791A1 /* RssXMLParser.m */ = {isa = PBXFileReference; fileEncoding = 4; lastKnownFileType = sourcecode.c.objc; path = RssXMLParser.m; sourceTree = "<group>"; };
		481049801C44822C0028AE46 /* ShowEpisodesViewController.h */ = {isa = PBXFileReference; fileEncoding = 4; lastKnownFileType = sourcecode.c.h; path = ShowEpisodesViewController.h; sourceTree = "<group>"; };
		481049811C44822C0028AE46 /* ShowEpisodesViewController.m */ = {isa = PBXFileReference; fileEncoding = 4; lastKnownFileType = sourcecode.c.objc; path = ShowEpisodesViewController.m; sourceTree = "<group>"; };
		481049871C44859A0028AE46 /* CustomTableViewCell.h */ = {isa = PBXFileReference; fileEncoding = 4; lastKnownFileType = sourcecode.c.h; path = CustomTableViewCell.h; sourceTree = "<group>"; };
		481049881C44859A0028AE46 /* CustomTableViewCell.m */ = {isa = PBXFileReference; fileEncoding = 4; lastKnownFileType = sourcecode.c.objc; path = CustomTableViewCell.m; sourceTree = "<group>"; };
		481A7A1C1C447EFC00810B4C /* StablTests-Bridging-Header.h */ = {isa = PBXFileReference; lastKnownFileType = sourcecode.c.h; path = "StablTests-Bridging-Header.h"; sourceTree = "<group>"; };
		481A7A1D1C447EFC00810B4C /* StablUITests-Bridging-Header.h */ = {isa = PBXFileReference; lastKnownFileType = sourcecode.c.h; path = "StablUITests-Bridging-Header.h"; sourceTree = "<group>"; };
		48350DA41DE26BA400762274 /* SearchResultsViewController.swift */ = {isa = PBXFileReference; fileEncoding = 4; lastKnownFileType = sourcecode.swift; path = SearchResultsViewController.swift; sourceTree = "<group>"; };
		483778B41CF65292004F3F79 /* CustomSlider.swift */ = {isa = PBXFileReference; fileEncoding = 4; lastKnownFileType = sourcecode.swift; path = CustomSlider.swift; sourceTree = "<group>"; };
		484BA3AB1C9F97C500BAEBC0 /* CoreData.framework */ = {isa = PBXFileReference; lastKnownFileType = wrapper.framework; name = CoreData.framework; path = System/Library/Frameworks/CoreData.framework; sourceTree = SDKROOT; };
		484BA3B01CA0B9DA00BAEBC0 /* Podcast.swift */ = {isa = PBXFileReference; fileEncoding = 4; lastKnownFileType = sourcecode.swift; path = Podcast.swift; sourceTree = "<group>"; };
		484E36C41C380E4F00520DAA /* Stabl.app */ = {isa = PBXFileReference; explicitFileType = wrapper.application; includeInIndex = 0; path = Stabl.app; sourceTree = BUILT_PRODUCTS_DIR; };
		484E36C71C380E4F00520DAA /* AppDelegate.swift */ = {isa = PBXFileReference; lastKnownFileType = sourcecode.swift; path = AppDelegate.swift; sourceTree = "<group>"; };
		484E36C91C380E4F00520DAA /* ViewController.swift */ = {isa = PBXFileReference; lastKnownFileType = sourcecode.swift; path = ViewController.swift; sourceTree = "<group>"; };
		484E36CC1C380E4F00520DAA /* Base */ = {isa = PBXFileReference; lastKnownFileType = file.storyboard; name = Base; path = Base.lproj/Main.storyboard; sourceTree = "<group>"; };
		484E36CF1C380E4F00520DAA /* Stabl.xcdatamodel */ = {isa = PBXFileReference; lastKnownFileType = wrapper.xcdatamodel; path = Stabl.xcdatamodel; sourceTree = "<group>"; };
		484E36D11C380E5000520DAA /* Assets.xcassets */ = {isa = PBXFileReference; lastKnownFileType = folder.assetcatalog; path = Assets.xcassets; sourceTree = "<group>"; };
		484E36D41C380E5000520DAA /* Base */ = {isa = PBXFileReference; lastKnownFileType = file.storyboard; name = Base; path = Base.lproj/LaunchScreen.storyboard; sourceTree = "<group>"; };
		484E36D61C380E5000520DAA /* Info.plist */ = {isa = PBXFileReference; lastKnownFileType = text.plist.xml; path = Info.plist; sourceTree = "<group>"; };
		484E36DB1C380E5000520DAA /* StablTests.xctest */ = {isa = PBXFileReference; explicitFileType = wrapper.cfbundle; includeInIndex = 0; path = StablTests.xctest; sourceTree = BUILT_PRODUCTS_DIR; };
		484E36DF1C380E5000520DAA /* StablTests.swift */ = {isa = PBXFileReference; lastKnownFileType = sourcecode.swift; path = StablTests.swift; sourceTree = "<group>"; };
		484E36E11C380E5000520DAA /* Info.plist */ = {isa = PBXFileReference; lastKnownFileType = text.plist.xml; path = Info.plist; sourceTree = "<group>"; };
		484E36E61C380E5000520DAA /* StablUITests.xctest */ = {isa = PBXFileReference; explicitFileType = wrapper.cfbundle; includeInIndex = 0; path = StablUITests.xctest; sourceTree = BUILT_PRODUCTS_DIR; };
		484E36EA1C380E5000520DAA /* StablUITests.swift */ = {isa = PBXFileReference; lastKnownFileType = sourcecode.swift; path = StablUITests.swift; sourceTree = "<group>"; };
		484E36EC1C380E5000520DAA /* Info.plist */ = {isa = PBXFileReference; lastKnownFileType = text.plist.xml; path = Info.plist; sourceTree = "<group>"; };
		484E36FA1C387AA300520DAA /* SearchTableViewCell.swift */ = {isa = PBXFileReference; fileEncoding = 4; lastKnownFileType = sourcecode.swift; path = SearchTableViewCell.swift; sourceTree = "<group>"; };
		484E36FC1C38809900520DAA /* ImageLoader.swift */ = {isa = PBXFileReference; fileEncoding = 4; lastKnownFileType = sourcecode.swift; path = ImageLoader.swift; sourceTree = "<group>"; };
		484E37161C3DAF4100520DAA /* libxml2.tbd */ = {isa = PBXFileReference; lastKnownFileType = "sourcecode.text-based-dylib-definition"; name = libxml2.tbd; path = usr/lib/libxml2.tbd; sourceTree = SDKROOT; };
		484E37191C3DAFA300520DAA /* Foundation.framework */ = {isa = PBXFileReference; lastKnownFileType = wrapper.framework; name = Foundation.framework; path = System/Library/Frameworks/Foundation.framework; sourceTree = SDKROOT; };
		484E371B1C3DAFB400520DAA /* CoreGraphics.framework */ = {isa = PBXFileReference; lastKnownFileType = wrapper.framework; name = CoreGraphics.framework; path = System/Library/Frameworks/CoreGraphics.framework; sourceTree = SDKROOT; };
		484E371D1C3DAFC300520DAA /* UIKit.framework */ = {isa = PBXFileReference; lastKnownFileType = wrapper.framework; name = UIKit.framework; path = System/Library/Frameworks/UIKit.framework; sourceTree = SDKROOT; };
		484E371F1C3DB83400520DAA /* Stabl-Bridging-Header.h */ = {isa = PBXFileReference; fileEncoding = 4; lastKnownFileType = sourcecode.c.h; path = "Stabl-Bridging-Header.h"; sourceTree = "<group>"; };
		4855DC381D88B83F00F8FDB1 /* SelectGenresViewController.swift */ = {isa = PBXFileReference; fileEncoding = 4; lastKnownFileType = sourcecode.swift; path = SelectGenresViewController.swift; sourceTree = "<group>"; };
		4855DC3A1D88BF6000F8FDB1 /* CustomCell.swift */ = {isa = PBXFileReference; fileEncoding = 4; lastKnownFileType = sourcecode.swift; path = CustomCell.swift; sourceTree = "<group>"; };
		486CB2161DB007FE000BA2D5 /* AssetsLibrary.framework */ = {isa = PBXFileReference; lastKnownFileType = wrapper.framework; name = AssetsLibrary.framework; path = System/Library/Frameworks/AssetsLibrary.framework; sourceTree = SDKROOT; };
		486CB2181DB00808000BA2D5 /* CoreText.framework */ = {isa = PBXFileReference; lastKnownFileType = wrapper.framework; name = CoreText.framework; path = System/Library/Frameworks/CoreText.framework; sourceTree = SDKROOT; };
		486CB21A1DB00832000BA2D5 /* QuickLook.framework */ = {isa = PBXFileReference; lastKnownFileType = wrapper.framework; name = QuickLook.framework; path = System/Library/Frameworks/QuickLook.framework; sourceTree = SDKROOT; };
		486CB21C1DB00853000BA2D5 /* libc++.tbd */ = {isa = PBXFileReference; lastKnownFileType = "sourcecode.text-based-dylib-definition"; name = "libc++.tbd"; path = "usr/lib/libc++.tbd"; sourceTree = SDKROOT; };
		486CB21E1DB00C8B000BA2D5 /* libz.tbd */ = {isa = PBXFileReference; lastKnownFileType = "sourcecode.text-based-dylib-definition"; name = libz.tbd; path = usr/lib/libz.tbd; sourceTree = SDKROOT; };
		488259121D8E03BA00F9B277 /* Dosis-Bold.ttf */ = {isa = PBXFileReference; lastKnownFileType = file; path = "Dosis-Bold.ttf"; sourceTree = "<group>"; };
		488259131D8E03BA00F9B277 /* Dosis-Book.ttf */ = {isa = PBXFileReference; lastKnownFileType = file; path = "Dosis-Book.ttf"; sourceTree = "<group>"; };
		488259141D8E03BA00F9B277 /* Dosis-Light.ttf */ = {isa = PBXFileReference; lastKnownFileType = file; path = "Dosis-Light.ttf"; sourceTree = "<group>"; };
		488259151D8E03BA00F9B277 /* Dosis-Medium.ttf */ = {isa = PBXFileReference; lastKnownFileType = file; path = "Dosis-Medium.ttf"; sourceTree = "<group>"; };
		488259161D8E03BA00F9B277 /* Dosis-SemiBold.ttf */ = {isa = PBXFileReference; lastKnownFileType = file; path = "Dosis-SemiBold.ttf"; sourceTree = "<group>"; };
		4882591D1D8E04B000F9B277 /* SelectDurationViewController.swift */ = {isa = PBXFileReference; fileEncoding = 4; lastKnownFileType = sourcecode.swift; path = SelectDurationViewController.swift; sourceTree = "<group>"; };
		488259221D8E29F600F9B277 /* BaseViewController.h */ = {isa = PBXFileReference; fileEncoding = 4; lastKnownFileType = sourcecode.c.h; path = BaseViewController.h; sourceTree = "<group>"; };
		488259231D8E29F600F9B277 /* BaseViewController.m */ = {isa = PBXFileReference; fileEncoding = 4; lastKnownFileType = sourcecode.c.objc; path = BaseViewController.m; sourceTree = "<group>"; };
		4887D6FA1E31711500990C8F /* SnapshotHelper.swift */ = {isa = PBXFileReference; fileEncoding = 4; lastKnownFileType = sourcecode.swift; name = SnapshotHelper.swift; path = fastlane/SnapshotHelper.swift; sourceTree = SOURCE_ROOT; };
		489A9A4E1E166ADD006C3481 /* NotesViewController.swift */ = {isa = PBXFileReference; fileEncoding = 4; lastKnownFileType = sourcecode.swift; path = NotesViewController.swift; sourceTree = "<group>"; };
		48B50C031E429FB7006D6910 /* GoogleService-Info.plist */ = {isa = PBXFileReference; fileEncoding = 4; lastKnownFileType = text.plist.xml; path = "GoogleService-Info.plist"; sourceTree = "<group>"; };
		48BD3E021CFBB25A0028FC48 /* MediaPlayer.framework */ = {isa = PBXFileReference; lastKnownFileType = wrapper.framework; name = MediaPlayer.framework; path = System/Library/Frameworks/MediaPlayer.framework; sourceTree = SDKROOT; };
		48E0E2271C4ECC050018334D /* ParseAPI.h */ = {isa = PBXFileReference; fileEncoding = 4; lastKnownFileType = sourcecode.c.h; path = ParseAPI.h; sourceTree = "<group>"; };
		48E0E2281C4ECC050018334D /* ParseAPI.m */ = {isa = PBXFileReference; fileEncoding = 4; lastKnownFileType = sourcecode.c.objc; path = ParseAPI.m; sourceTree = "<group>"; };
		48E0E22A1C4ED1E40018334D /* Global.h */ = {isa = PBXFileReference; fileEncoding = 4; lastKnownFileType = sourcecode.c.h; path = Global.h; sourceTree = "<group>"; };
		48E0E22B1C4ED1E40018334D /* Global.m */ = {isa = PBXFileReference; fileEncoding = 4; lastKnownFileType = sourcecode.c.objc; path = Global.m; sourceTree = "<group>"; };
		48E0E22D1C4ED3A10018334D /* CFNetwork.framework */ = {isa = PBXFileReference; lastKnownFileType = wrapper.framework; name = CFNetwork.framework; path = System/Library/Frameworks/CFNetwork.framework; sourceTree = SDKROOT; };
		48E0E22F1C4ED3A80018334D /* MobileCoreServices.framework */ = {isa = PBXFileReference; lastKnownFileType = wrapper.framework; name = MobileCoreServices.framework; path = System/Library/Frameworks/MobileCoreServices.framework; sourceTree = SDKROOT; };
		48E0E2311C4ED3F10018334D /* Security.framework */ = {isa = PBXFileReference; lastKnownFileType = wrapper.framework; name = Security.framework; path = System/Library/Frameworks/Security.framework; sourceTree = SDKROOT; };
		48E0E2331C4ED4010018334D /* SystemConfiguration.framework */ = {isa = PBXFileReference; lastKnownFileType = wrapper.framework; name = SystemConfiguration.framework; path = System/Library/Frameworks/SystemConfiguration.framework; sourceTree = SDKROOT; };
		48E0E2351C4ED4250018334D /* AudioToolbox.framework */ = {isa = PBXFileReference; lastKnownFileType = wrapper.framework; name = AudioToolbox.framework; path = System/Library/Frameworks/AudioToolbox.framework; sourceTree = SDKROOT; };
		48E0E2371C4ED4370018334D /* QuartzCore.framework */ = {isa = PBXFileReference; lastKnownFileType = wrapper.framework; name = QuartzCore.framework; path = System/Library/Frameworks/QuartzCore.framework; sourceTree = SDKROOT; };
		48E0E2391C4ED4570018334D /* libz.1.1.3.tbd */ = {isa = PBXFileReference; lastKnownFileType = "sourcecode.text-based-dylib-definition"; name = libz.1.1.3.tbd; path = usr/lib/libz.1.1.3.tbd; sourceTree = SDKROOT; };
		48E0E2431C56F2960018334D /* AVFoundation.framework */ = {isa = PBXFileReference; lastKnownFileType = wrapper.framework; name = AVFoundation.framework; path = System/Library/Frameworks/AVFoundation.framework; sourceTree = SDKROOT; };
		48E0E24B1C56F3B00018334D /* CoreMedia.framework */ = {isa = PBXFileReference; lastKnownFileType = wrapper.framework; name = CoreMedia.framework; path = System/Library/Frameworks/CoreMedia.framework; sourceTree = SDKROOT; };
		48E0E24D1C56F42F0018334D /* AAPLPlayerView.h */ = {isa = PBXFileReference; fileEncoding = 4; lastKnownFileType = sourcecode.c.h; path = AAPLPlayerView.h; sourceTree = "<group>"; };
		48E0E24E1C56F42F0018334D /* AAPLPlayerView.m */ = {isa = PBXFileReference; fileEncoding = 4; lastKnownFileType = sourcecode.c.objc; path = AAPLPlayerView.m; sourceTree = "<group>"; };
		48E0E24F1C56F42F0018334D /* AAPLPlayerViewController.h */ = {isa = PBXFileReference; fileEncoding = 4; lastKnownFileType = sourcecode.c.h; path = AAPLPlayerViewController.h; sourceTree = "<group>"; };
		48E0E2501C56F42F0018334D /* AAPLPlayerViewController.m */ = {isa = PBXFileReference; fileEncoding = 4; lastKnownFileType = sourcecode.c.objc; path = AAPLPlayerViewController.m; sourceTree = "<group>"; };
		48F90E6B1D9204620048F7A5 /* WelcomeViewController.swift */ = {isa = PBXFileReference; fileEncoding = 4; lastKnownFileType = sourcecode.swift; path = WelcomeViewController.swift; sourceTree = "<group>"; };
		51698A270AFDF53AAB89FF20 /* Pods-StablTests.distribution.xcconfig */ = {isa = PBXFileReference; includeInIndex = 1; lastKnownFileType = text.xcconfig; name = "Pods-StablTests.distribution.xcconfig"; path = "Pods/Target Support Files/Pods-StablTests/Pods-StablTests.distribution.xcconfig"; sourceTree = "<group>"; };
		61381A212C1A93B42D88B40C /* Pods-StablUITests.debug.xcconfig */ = {isa = PBXFileReference; includeInIndex = 1; lastKnownFileType = text.xcconfig; name = "Pods-StablUITests.debug.xcconfig"; path = "Pods/Target Support Files/Pods-StablUITests/Pods-StablUITests.debug.xcconfig"; sourceTree = "<group>"; };
		62BE264DDAB11C98678991F6 /* Pods-Stabl.distribution.xcconfig */ = {isa = PBXFileReference; includeInIndex = 1; lastKnownFileType = text.xcconfig; name = "Pods-Stabl.distribution.xcconfig"; path = "Pods/Target Support Files/Pods-Stabl/Pods-Stabl.distribution.xcconfig"; sourceTree = "<group>"; };
		79B582F991CDDC52AC2A9200 /* Pods_Stabl.framework */ = {isa = PBXFileReference; explicitFileType = wrapper.framework; includeInIndex = 0; path = Pods_Stabl.framework; sourceTree = BUILT_PRODUCTS_DIR; };
		82D023B7CD2CC60C187437C5 /* Pods-StablTests.debug.xcconfig */ = {isa = PBXFileReference; includeInIndex = 1; lastKnownFileType = text.xcconfig; name = "Pods-StablTests.debug.xcconfig"; path = "Pods/Target Support Files/Pods-StablTests/Pods-StablTests.debug.xcconfig"; sourceTree = "<group>"; };
		BA304265D55C4E38BFEEA4E7 /* Pods-Stabl.release.xcconfig */ = {isa = PBXFileReference; includeInIndex = 1; lastKnownFileType = text.xcconfig; name = "Pods-Stabl.release.xcconfig"; path = "Pods/Target Support Files/Pods-Stabl/Pods-Stabl.release.xcconfig"; sourceTree = "<group>"; };
		C956B0DAC5A09FD146F3A46B /* Pods-StablTests.release.xcconfig */ = {isa = PBXFileReference; includeInIndex = 1; lastKnownFileType = text.xcconfig; name = "Pods-StablTests.release.xcconfig"; path = "Pods/Target Support Files/Pods-StablTests/Pods-StablTests.release.xcconfig"; sourceTree = "<group>"; };
		D13754DF21788F3315712BFB /* Pods-StablUITests.release.xcconfig */ = {isa = PBXFileReference; includeInIndex = 1; lastKnownFileType = text.xcconfig; name = "Pods-StablUITests.release.xcconfig"; path = "Pods/Target Support Files/Pods-StablUITests/Pods-StablUITests.release.xcconfig"; sourceTree = "<group>"; };
		E43BAB3D6F54563D8C2D3792 /* Pods-StablUITests.distribution.xcconfig */ = {isa = PBXFileReference; includeInIndex = 1; lastKnownFileType = text.xcconfig; name = "Pods-StablUITests.distribution.xcconfig"; path = "Pods/Target Support Files/Pods-StablUITests/Pods-StablUITests.distribution.xcconfig"; sourceTree = "<group>"; };
		F84B19DF71F2BEDEC32B06CC /* Pods_StablTests.framework */ = {isa = PBXFileReference; explicitFileType = wrapper.framework; includeInIndex = 0; path = Pods_StablTests.framework; sourceTree = BUILT_PRODUCTS_DIR; };
/* End PBXFileReference section */

/* Begin PBXFrameworksBuildPhase section */
		484E36C11C380E4F00520DAA /* Frameworks */ = {
			isa = PBXFrameworksBuildPhase;
			buildActionMask = 2147483647;
			files = (
				486CB21D1DB00853000BA2D5 /* libc++.tbd in Frameworks */,
				486CB21B1DB00832000BA2D5 /* QuickLook.framework in Frameworks */,
				48E0E2381C4ED4370018334D /* QuartzCore.framework in Frameworks */,
				486CB2191DB00808000BA2D5 /* CoreText.framework in Frameworks */,
				486CB2171DB007FE000BA2D5 /* AssetsLibrary.framework in Frameworks */,
				48BD3E031CFBB25A0028FC48 /* MediaPlayer.framework in Frameworks */,
				484BA3AC1C9F97C500BAEBC0 /* CoreData.framework in Frameworks */,
				48E0E24C1C56F3B00018334D /* CoreMedia.framework in Frameworks */,
				48E0E2441C56F2960018334D /* AVFoundation.framework in Frameworks */,
				48E0E23B1C4ED45C0018334D /* MobileCoreServices.framework in Frameworks */,
				48E0E23A1C4ED4570018334D /* libz.1.1.3.tbd in Frameworks */,
				48E0E2361C4ED4250018334D /* AudioToolbox.framework in Frameworks */,
				48E0E2341C4ED4010018334D /* SystemConfiguration.framework in Frameworks */,
				48E0E2321C4ED3F10018334D /* Security.framework in Frameworks */,
				48E0E22E1C4ED3A10018334D /* CFNetwork.framework in Frameworks */,
				484E371E1C3DAFC300520DAA /* UIKit.framework in Frameworks */,
				484E371C1C3DAFB400520DAA /* CoreGraphics.framework in Frameworks */,
				484E371A1C3DAFA300520DAA /* Foundation.framework in Frameworks */,
				484E37171C3DAF4100520DAA /* libxml2.tbd in Frameworks */,
				C7D2C8077BB9041380322C76 /* Pods_Stabl.framework in Frameworks */,
			);
			runOnlyForDeploymentPostprocessing = 0;
		};
		484E36D81C380E5000520DAA /* Frameworks */ = {
			isa = PBXFrameworksBuildPhase;
			buildActionMask = 2147483647;
			files = (
				04CB92BCE3939D74AAAC6F44 /* Pods_StablTests.framework in Frameworks */,
			);
			runOnlyForDeploymentPostprocessing = 0;
		};
		484E36E31C380E5000520DAA /* Frameworks */ = {
			isa = PBXFrameworksBuildPhase;
			buildActionMask = 2147483647;
			files = (
				ABDB1084CEEE45F54F51598B /* Pods_StablUITests.framework in Frameworks */,
			);
			runOnlyForDeploymentPostprocessing = 0;
		};
/* End PBXFrameworksBuildPhase section */

/* Begin PBXGroup section */
		1574484EC45097CFE09B7D40 /* Pods */ = {
			isa = PBXGroup;
			children = (
				03B1A7306EC10A5702115335 /* Pods-Stabl.debug.xcconfig */,
				BA304265D55C4E38BFEEA4E7 /* Pods-Stabl.release.xcconfig */,
				62BE264DDAB11C98678991F6 /* Pods-Stabl.distribution.xcconfig */,
				82D023B7CD2CC60C187437C5 /* Pods-StablTests.debug.xcconfig */,
				C956B0DAC5A09FD146F3A46B /* Pods-StablTests.release.xcconfig */,
				51698A270AFDF53AAB89FF20 /* Pods-StablTests.distribution.xcconfig */,
				61381A212C1A93B42D88B40C /* Pods-StablUITests.debug.xcconfig */,
				D13754DF21788F3315712BFB /* Pods-StablUITests.release.xcconfig */,
				E43BAB3D6F54563D8C2D3792 /* Pods-StablUITests.distribution.xcconfig */,
			);
			name = Pods;
			sourceTree = "<group>";
		};
		484E36BB1C380E4F00520DAA = {
			isa = PBXGroup;
			children = (
				48BD3E021CFBB25A0028FC48 /* MediaPlayer.framework */,
				484BA3AB1C9F97C500BAEBC0 /* CoreData.framework */,
				484E36C61C380E4F00520DAA /* Stabl */,
				484E37181C3DAF5F00520DAA /* Framework */,
				484E36DE1C380E5000520DAA /* StablTests */,
				484E36E91C380E5000520DAA /* StablUITests */,
				484E36C51C380E4F00520DAA /* Products */,
				7CFEAD2E23BEF5A53C16BB47 /* Frameworks */,
				1574484EC45097CFE09B7D40 /* Pods */,
			);
			sourceTree = "<group>";
		};
		484E36C51C380E4F00520DAA /* Products */ = {
			isa = PBXGroup;
			children = (
				484E36C41C380E4F00520DAA /* Stabl.app */,
				484E36DB1C380E5000520DAA /* StablTests.xctest */,
				484E36E61C380E5000520DAA /* StablUITests.xctest */,
			);
			name = Products;
			sourceTree = "<group>";
		};
		484E36C61C380E4F00520DAA /* Stabl */ = {
			isa = PBXGroup;
			children = (
				4882591C1D8E03D200F9B277 /* font */,
				484E36D11C380E5000520DAA /* Assets.xcassets */,
				484E36CB1C380E4F00520DAA /* Main.storyboard */,
				488259221D8E29F600F9B277 /* BaseViewController.h */,
				488259231D8E29F600F9B277 /* BaseViewController.m */,
				48E0E2421C56D5850018334D /* Audio Player */,
				48E0E2271C4ECC050018334D /* ParseAPI.h */,
				48E0E2281C4ECC050018334D /* ParseAPI.m */,
				484BA3B01CA0B9DA00BAEBC0 /* Podcast.swift */,
				484E36C71C380E4F00520DAA /* AppDelegate.swift */,
				484E36C91C380E4F00520DAA /* ViewController.swift */,
				48F90E6B1D9204620048F7A5 /* WelcomeViewController.swift */,
				4855DC381D88B83F00F8FDB1 /* SelectGenresViewController.swift */,
				4882591D1D8E04B000F9B277 /* SelectDurationViewController.swift */,
				48350DA41DE26BA400762274 /* SearchResultsViewController.swift */,
				489A9A4E1E166ADD006C3481 /* NotesViewController.swift */,
				484E36FC1C38809900520DAA /* ImageLoader.swift */,
				484E36FA1C387AA300520DAA /* SearchTableViewCell.swift */,
				481049871C44859A0028AE46 /* CustomTableViewCell.h */,
				481049881C44859A0028AE46 /* CustomTableViewCell.m */,
				4855DC3A1D88BF6000F8FDB1 /* CustomCell.swift */,
				481049801C44822C0028AE46 /* ShowEpisodesViewController.h */,
				481049811C44822C0028AE46 /* ShowEpisodesViewController.m */,
				484E36D31C380E5000520DAA /* LaunchScreen.storyboard */,
				484E36D61C380E5000520DAA /* Info.plist */,
				48B50C031E429FB7006D6910 /* GoogleService-Info.plist */,
				484E36CE1C380E4F00520DAA /* Stabl.xcdatamodeld */,
				4801B84F1C8BAD32005064F8 /* NewPodcast+CoreDataProperties.swift */,
				4801B8501C8BAD32005064F8 /* NewPodcast.swift */,
				484E371F1C3DB83400520DAA /* Stabl-Bridging-Header.h */,
				480CBEBD1C3DDD6F002791A1 /* RssXMLParser.h */,
				480CBEBE1C3DDD6F002791A1 /* RssXMLParser.m */,
				481A7A1C1C447EFC00810B4C /* StablTests-Bridging-Header.h */,
				481A7A1D1C447EFC00810B4C /* StablUITests-Bridging-Header.h */,
				48E0E22A1C4ED1E40018334D /* Global.h */,
				48E0E22B1C4ED1E40018334D /* Global.m */,
				480A32421C7FACA200542C2B /* Consts.h */,
				483778B41CF65292004F3F79 /* CustomSlider.swift */,
			);
			path = Stabl;
			sourceTree = "<group>";
		};
		484E36DE1C380E5000520DAA /* StablTests */ = {
			isa = PBXGroup;
			children = (
				484E36DF1C380E5000520DAA /* StablTests.swift */,
				484E36E11C380E5000520DAA /* Info.plist */,
			);
			path = StablTests;
			sourceTree = "<group>";
		};
		484E36E91C380E5000520DAA /* StablUITests */ = {
			isa = PBXGroup;
			children = (
				4887D6FA1E31711500990C8F /* SnapshotHelper.swift */,
				484E36EA1C380E5000520DAA /* StablUITests.swift */,
				484E36EC1C380E5000520DAA /* Info.plist */,
			);
			path = StablUITests;
			sourceTree = "<group>";
		};
		484E37181C3DAF5F00520DAA /* Framework */ = {
			isa = PBXGroup;
			children = (
				48E0E2391C4ED4570018334D /* libz.1.1.3.tbd */,
				48E0E24B1C56F3B00018334D /* CoreMedia.framework */,
				48E0E2431C56F2960018334D /* AVFoundation.framework */,
				48E0E2371C4ED4370018334D /* QuartzCore.framework */,
				48E0E2351C4ED4250018334D /* AudioToolbox.framework */,
				48E0E2331C4ED4010018334D /* SystemConfiguration.framework */,
				48E0E2311C4ED3F10018334D /* Security.framework */,
				48E0E22F1C4ED3A80018334D /* MobileCoreServices.framework */,
				48E0E22D1C4ED3A10018334D /* CFNetwork.framework */,
				484E371D1C3DAFC300520DAA /* UIKit.framework */,
				484E371B1C3DAFB400520DAA /* CoreGraphics.framework */,
				484E37191C3DAFA300520DAA /* Foundation.framework */,
				484E37161C3DAF4100520DAA /* libxml2.tbd */,
			);
			name = Framework;
			path = Stabl;
			sourceTree = "<group>";
		};
		4882591C1D8E03D200F9B277 /* font */ = {
			isa = PBXGroup;
			children = (
				488259121D8E03BA00F9B277 /* Dosis-Bold.ttf */,
				488259131D8E03BA00F9B277 /* Dosis-Book.ttf */,
				488259141D8E03BA00F9B277 /* Dosis-Light.ttf */,
				488259151D8E03BA00F9B277 /* Dosis-Medium.ttf */,
				488259161D8E03BA00F9B277 /* Dosis-SemiBold.ttf */,
			);
			name = font;
			sourceTree = "<group>";
		};
		48E0E2421C56D5850018334D /* Audio Player */ = {
			isa = PBXGroup;
			children = (
				48E0E24D1C56F42F0018334D /* AAPLPlayerView.h */,
				48E0E24E1C56F42F0018334D /* AAPLPlayerView.m */,
				48E0E24F1C56F42F0018334D /* AAPLPlayerViewController.h */,
				48E0E2501C56F42F0018334D /* AAPLPlayerViewController.m */,
			);
			name = "Audio Player";
			sourceTree = "<group>";
		};
		7CFEAD2E23BEF5A53C16BB47 /* Frameworks */ = {
			isa = PBXGroup;
			children = (
				486CB21E1DB00C8B000BA2D5 /* libz.tbd */,
				486CB21C1DB00853000BA2D5 /* libc++.tbd */,
				486CB21A1DB00832000BA2D5 /* QuickLook.framework */,
				486CB2181DB00808000BA2D5 /* CoreText.framework */,
				486CB2161DB007FE000BA2D5 /* AssetsLibrary.framework */,
				79B582F991CDDC52AC2A9200 /* Pods_Stabl.framework */,
				F84B19DF71F2BEDEC32B06CC /* Pods_StablTests.framework */,
				2969E14C24861F8BDFCB83B7 /* Pods_StablUITests.framework */,
			);
			name = Frameworks;
			sourceTree = "<group>";
		};
/* End PBXGroup section */

/* Begin PBXNativeTarget section */
		484E36C31C380E4F00520DAA /* Stabl */ = {
			isa = PBXNativeTarget;
			buildConfigurationList = 484E36EF1C380E5000520DAA /* Build configuration list for PBXNativeTarget "Stabl" */;
			buildPhases = (
				009A2CD4C57857C894B995D7 /* [CP] Check Pods Manifest.lock */,
				484E36C01C380E4F00520DAA /* Sources */,
				484E36C11C380E4F00520DAA /* Frameworks */,
				484E36C21C380E4F00520DAA /* Resources */,
				3C4CA4220D3476B7326D7CC7 /* [CP] Embed Pods Frameworks */,
				E726D3EC9334407428629310 /* [CP] Copy Pods Resources */,
			);
			buildRules = (
			);
			dependencies = (
			);
			name = Stabl;
			productName = Stabl;
			productReference = 484E36C41C380E4F00520DAA /* Stabl.app */;
			productType = "com.apple.product-type.application";
		};
		484E36DA1C380E5000520DAA /* StablTests */ = {
			isa = PBXNativeTarget;
			buildConfigurationList = 484E36F21C380E5000520DAA /* Build configuration list for PBXNativeTarget "StablTests" */;
			buildPhases = (
				D53E5DD1281DD50CBCDC4BA5 /* [CP] Check Pods Manifest.lock */,
				484E36D71C380E5000520DAA /* Sources */,
				484E36D81C380E5000520DAA /* Frameworks */,
				484E36D91C380E5000520DAA /* Resources */,
				D219DDE92E2240CD032A9E30 /* [CP] Embed Pods Frameworks */,
				2ACFF51F2D28EC4D4209809F /* [CP] Copy Pods Resources */,
			);
			buildRules = (
			);
			dependencies = (
				484E36DD1C380E5000520DAA /* PBXTargetDependency */,
			);
			name = StablTests;
			productName = StablTests;
			productReference = 484E36DB1C380E5000520DAA /* StablTests.xctest */;
			productType = "com.apple.product-type.bundle.unit-test";
		};
		484E36E51C380E5000520DAA /* StablUITests */ = {
			isa = PBXNativeTarget;
			buildConfigurationList = 484E36F51C380E5000520DAA /* Build configuration list for PBXNativeTarget "StablUITests" */;
			buildPhases = (
				9B93683D3C8D8D62F142BC8C /* [CP] Check Pods Manifest.lock */,
				484E36E21C380E5000520DAA /* Sources */,
				484E36E31C380E5000520DAA /* Frameworks */,
				484E36E41C380E5000520DAA /* Resources */,
				05EB10A07550C5AAED191E61 /* [CP] Copy Pods Resources */,
			);
			buildRules = (
			);
			dependencies = (
				484E36E81C380E5000520DAA /* PBXTargetDependency */,
			);
			name = StablUITests;
			productName = StablUITests;
			productReference = 484E36E61C380E5000520DAA /* StablUITests.xctest */;
			productType = "com.apple.product-type.bundle.ui-testing";
		};
/* End PBXNativeTarget section */

/* Begin PBXProject section */
		484E36BC1C380E4F00520DAA /* Project object */ = {
			isa = PBXProject;
			attributes = {
				LastSwiftUpdateCheck = 0710;
				LastUpgradeCheck = 0800;
				ORGANIZATIONNAME = "Mijin Cho";
				TargetAttributes = {
					484E36C31C380E4F00520DAA = {
						CreatedOnToolsVersion = 7.1;
						DevelopmentTeam = C9U8PB68PN;
						LastSwiftMigration = 0800;
					};
					484E36DA1C380E5000520DAA = {
						CreatedOnToolsVersion = 7.1;
						LastSwiftMigration = 0800;
						TestTargetID = 484E36C31C380E4F00520DAA;
					};
					484E36E51C380E5000520DAA = {
						CreatedOnToolsVersion = 7.1;
						LastSwiftMigration = 0800;
						TestTargetID = 484E36C31C380E4F00520DAA;
					};
				};
			};
			buildConfigurationList = 484E36BF1C380E4F00520DAA /* Build configuration list for PBXProject "Stabl" */;
			compatibilityVersion = "Xcode 3.2";
			developmentRegion = English;
			hasScannedForEncodings = 0;
			knownRegions = (
				en,
				Base,
			);
			mainGroup = 484E36BB1C380E4F00520DAA;
			productRefGroup = 484E36C51C380E4F00520DAA /* Products */;
			projectDirPath = "";
			projectRoot = "";
			targets = (
				484E36C31C380E4F00520DAA /* Stabl */,
				484E36DA1C380E5000520DAA /* StablTests */,
				484E36E51C380E5000520DAA /* StablUITests */,
			);
		};
/* End PBXProject section */

/* Begin PBXResourcesBuildPhase section */
		484E36C21C380E4F00520DAA /* Resources */ = {
			isa = PBXResourcesBuildPhase;
			buildActionMask = 2147483647;
			files = (
				4882591A1D8E03BA00F9B277 /* Dosis-Medium.ttf in Resources */,
				484E36D51C380E5000520DAA /* LaunchScreen.storyboard in Resources */,
				48B50C041E429FB7006D6910 /* GoogleService-Info.plist in Resources */,
				484E36D21C380E5000520DAA /* Assets.xcassets in Resources */,
				488259171D8E03BA00F9B277 /* Dosis-Bold.ttf in Resources */,
				4882591B1D8E03BA00F9B277 /* Dosis-SemiBold.ttf in Resources */,
				484E36CD1C380E4F00520DAA /* Main.storyboard in Resources */,
				488259191D8E03BA00F9B277 /* Dosis-Light.ttf in Resources */,
				488259181D8E03BA00F9B277 /* Dosis-Book.ttf in Resources */,
			);
			runOnlyForDeploymentPostprocessing = 0;
		};
		484E36D91C380E5000520DAA /* Resources */ = {
			isa = PBXResourcesBuildPhase;
			buildActionMask = 2147483647;
			files = (
			);
			runOnlyForDeploymentPostprocessing = 0;
		};
		484E36E41C380E5000520DAA /* Resources */ = {
			isa = PBXResourcesBuildPhase;
			buildActionMask = 2147483647;
			files = (
			);
			runOnlyForDeploymentPostprocessing = 0;
		};
/* End PBXResourcesBuildPhase section */

/* Begin PBXShellScriptBuildPhase section */
		009A2CD4C57857C894B995D7 /* [CP] Check Pods Manifest.lock */ = {
			isa = PBXShellScriptBuildPhase;
			buildActionMask = 2147483647;
			files = (
			);
			inputPaths = (
			);
			name = "[CP] Check Pods Manifest.lock";
			outputPaths = (
			);
			runOnlyForDeploymentPostprocessing = 0;
			shellPath = /bin/sh;
			shellScript = "diff \"${PODS_ROOT}/../Podfile.lock\" \"${PODS_ROOT}/Manifest.lock\" > /dev/null\nif [[ $? != 0 ]] ; then\n    cat << EOM\nerror: The sandbox is not in sync with the Podfile.lock. Run 'pod install' or update your CocoaPods installation.\nEOM\n    exit 1\nfi\n";
			showEnvVarsInLog = 0;
		};
		05EB10A07550C5AAED191E61 /* [CP] Copy Pods Resources */ = {
			isa = PBXShellScriptBuildPhase;
			buildActionMask = 2147483647;
			files = (
			);
			inputPaths = (
			);
			name = "[CP] Copy Pods Resources";
			outputPaths = (
			);
			runOnlyForDeploymentPostprocessing = 0;
			shellPath = /bin/sh;
			shellScript = "\"${SRCROOT}/Pods/Target Support Files/Pods-StablUITests/Pods-StablUITests-resources.sh\"\n";
			showEnvVarsInLog = 0;
		};
		2ACFF51F2D28EC4D4209809F /* [CP] Copy Pods Resources */ = {
			isa = PBXShellScriptBuildPhase;
			buildActionMask = 2147483647;
			files = (
			);
			inputPaths = (
			);
			name = "[CP] Copy Pods Resources";
			outputPaths = (
			);
			runOnlyForDeploymentPostprocessing = 0;
			shellPath = /bin/sh;
			shellScript = "\"${SRCROOT}/Pods/Target Support Files/Pods-StablTests/Pods-StablTests-resources.sh\"\n";
			showEnvVarsInLog = 0;
		};
		3C4CA4220D3476B7326D7CC7 /* [CP] Embed Pods Frameworks */ = {
			isa = PBXShellScriptBuildPhase;
			buildActionMask = 2147483647;
			files = (
			);
			inputPaths = (
			);
			name = "[CP] Embed Pods Frameworks";
			outputPaths = (
			);
			runOnlyForDeploymentPostprocessing = 0;
			shellPath = /bin/sh;
			shellScript = "\"${SRCROOT}/Pods/Target Support Files/Pods-Stabl/Pods-Stabl-frameworks.sh\"\n";
			showEnvVarsInLog = 0;
		};
		9B93683D3C8D8D62F142BC8C /* [CP] Check Pods Manifest.lock */ = {
			isa = PBXShellScriptBuildPhase;
			buildActionMask = 2147483647;
			files = (
			);
			inputPaths = (
			);
			name = "[CP] Check Pods Manifest.lock";
			outputPaths = (
			);
			runOnlyForDeploymentPostprocessing = 0;
			shellPath = /bin/sh;
			shellScript = "diff \"${PODS_ROOT}/../Podfile.lock\" \"${PODS_ROOT}/Manifest.lock\" > /dev/null\nif [[ $? != 0 ]] ; then\n    cat << EOM\nerror: The sandbox is not in sync with the Podfile.lock. Run 'pod install' or update your CocoaPods installation.\nEOM\n    exit 1\nfi\n";
			showEnvVarsInLog = 0;
		};
		D219DDE92E2240CD032A9E30 /* [CP] Embed Pods Frameworks */ = {
			isa = PBXShellScriptBuildPhase;
			buildActionMask = 2147483647;
			files = (
			);
			inputPaths = (
			);
			name = "[CP] Embed Pods Frameworks";
			outputPaths = (
			);
			runOnlyForDeploymentPostprocessing = 0;
			shellPath = /bin/sh;
			shellScript = "\"${SRCROOT}/Pods/Target Support Files/Pods-StablTests/Pods-StablTests-frameworks.sh\"\n";
			showEnvVarsInLog = 0;
		};
		D53E5DD1281DD50CBCDC4BA5 /* [CP] Check Pods Manifest.lock */ = {
			isa = PBXShellScriptBuildPhase;
			buildActionMask = 2147483647;
			files = (
			);
			inputPaths = (
			);
			name = "[CP] Check Pods Manifest.lock";
			outputPaths = (
			);
			runOnlyForDeploymentPostprocessing = 0;
			shellPath = /bin/sh;
			shellScript = "diff \"${PODS_ROOT}/../Podfile.lock\" \"${PODS_ROOT}/Manifest.lock\" > /dev/null\nif [[ $? != 0 ]] ; then\n    cat << EOM\nerror: The sandbox is not in sync with the Podfile.lock. Run 'pod install' or update your CocoaPods installation.\nEOM\n    exit 1\nfi\n";
			showEnvVarsInLog = 0;
		};
		E726D3EC9334407428629310 /* [CP] Copy Pods Resources */ = {
			isa = PBXShellScriptBuildPhase;
			buildActionMask = 2147483647;
			files = (
			);
			inputPaths = (
			);
			name = "[CP] Copy Pods Resources";
			outputPaths = (
			);
			runOnlyForDeploymentPostprocessing = 0;
			shellPath = /bin/sh;
			shellScript = "\"${SRCROOT}/Pods/Target Support Files/Pods-Stabl/Pods-Stabl-resources.sh\"\n";
			showEnvVarsInLog = 0;
		};
/* End PBXShellScriptBuildPhase section */

/* Begin PBXSourcesBuildPhase section */
		484E36C01C380E4F00520DAA /* Sources */ = {
			isa = PBXSourcesBuildPhase;
			buildActionMask = 2147483647;
			files = (
				48E0E22C1C4ED1E40018334D /* Global.m in Sources */,
				483778B51CF65292004F3F79 /* CustomSlider.swift in Sources */,
				484E36CA1C380E4F00520DAA /* ViewController.swift in Sources */,
				484E36D01C380E5000520DAA /* Stabl.xcdatamodeld in Sources */,
				4801B8521C8BAD32005064F8 /* NewPodcast.swift in Sources */,
				48F90E6C1D9204620048F7A5 /* WelcomeViewController.swift in Sources */,
				48E0E2291C4ECC050018334D /* ParseAPI.m in Sources */,
				4882591E1D8E04B000F9B277 /* SelectDurationViewController.swift in Sources */,
				48E0E2511C56F42F0018334D /* AAPLPlayerView.m in Sources */,
				484BA3B11CA0B9DA00BAEBC0 /* Podcast.swift in Sources */,
				4855DC3B1D88BF6000F8FDB1 /* CustomCell.swift in Sources */,
				4855DC391D88B83F00F8FDB1 /* SelectGenresViewController.swift in Sources */,
				481049821C44822C0028AE46 /* ShowEpisodesViewController.m in Sources */,
				480CBEBF1C3DDD6F002791A1 /* RssXMLParser.m in Sources */,
				488259241D8E29F600F9B277 /* BaseViewController.m in Sources */,
				489A9A4F1E166ADD006C3481 /* NotesViewController.swift in Sources */,
				484E36FD1C38809900520DAA /* ImageLoader.swift in Sources */,
				481049891C44859A0028AE46 /* CustomTableViewCell.m in Sources */,
				48E0E2521C56F42F0018334D /* AAPLPlayerViewController.m in Sources */,
				48350DA51DE26BA400762274 /* SearchResultsViewController.swift in Sources */,
				484E36C81C380E4F00520DAA /* AppDelegate.swift in Sources */,
				484E36FB1C387AA300520DAA /* SearchTableViewCell.swift in Sources */,
				4801B8511C8BAD32005064F8 /* NewPodcast+CoreDataProperties.swift in Sources */,
			);
			runOnlyForDeploymentPostprocessing = 0;
		};
		484E36D71C380E5000520DAA /* Sources */ = {
			isa = PBXSourcesBuildPhase;
			buildActionMask = 2147483647;
			files = (
				488259251D8E29F600F9B277 /* BaseViewController.m in Sources */,
				484E36E01C380E5000520DAA /* StablTests.swift in Sources */,
			);
			runOnlyForDeploymentPostprocessing = 0;
		};
		484E36E21C380E5000520DAA /* Sources */ = {
			isa = PBXSourcesBuildPhase;
			buildActionMask = 2147483647;
			files = (
				484E36EB1C380E5000520DAA /* StablUITests.swift in Sources */,
				4887D6FB1E31711500990C8F /* SnapshotHelper.swift in Sources */,
			);
			runOnlyForDeploymentPostprocessing = 0;
		};
/* End PBXSourcesBuildPhase section */

/* Begin PBXTargetDependency section */
		484E36DD1C380E5000520DAA /* PBXTargetDependency */ = {
			isa = PBXTargetDependency;
			target = 484E36C31C380E4F00520DAA /* Stabl */;
			targetProxy = 484E36DC1C380E5000520DAA /* PBXContainerItemProxy */;
		};
		484E36E81C380E5000520DAA /* PBXTargetDependency */ = {
			isa = PBXTargetDependency;
			target = 484E36C31C380E4F00520DAA /* Stabl */;
			targetProxy = 484E36E71C380E5000520DAA /* PBXContainerItemProxy */;
		};
/* End PBXTargetDependency section */

/* Begin PBXVariantGroup section */
		484E36CB1C380E4F00520DAA /* Main.storyboard */ = {
			isa = PBXVariantGroup;
			children = (
				484E36CC1C380E4F00520DAA /* Base */,
			);
			name = Main.storyboard;
			sourceTree = "<group>";
		};
		484E36D31C380E5000520DAA /* LaunchScreen.storyboard */ = {
			isa = PBXVariantGroup;
			children = (
				484E36D41C380E5000520DAA /* Base */,
			);
			name = LaunchScreen.storyboard;
			sourceTree = "<group>";
		};
/* End PBXVariantGroup section */

/* Begin XCBuildConfiguration section */
		484BA3B21CA0C89000BAEBC0 /* Distribution */ = {
			isa = XCBuildConfiguration;
			buildSettings = {
				ALWAYS_SEARCH_USER_PATHS = NO;
				CLANG_CXX_LANGUAGE_STANDARD = "gnu++0x";
				CLANG_CXX_LIBRARY = "libc++";
				CLANG_ENABLE_MODULES = YES;
				CLANG_ENABLE_OBJC_ARC = YES;
				CLANG_WARN_BOOL_CONVERSION = YES;
				CLANG_WARN_CONSTANT_CONVERSION = YES;
				CLANG_WARN_DIRECT_OBJC_ISA_USAGE = YES_ERROR;
				CLANG_WARN_EMPTY_BODY = YES;
				CLANG_WARN_ENUM_CONVERSION = YES;
				CLANG_WARN_INFINITE_RECURSION = YES;
				CLANG_WARN_INT_CONVERSION = YES;
				CLANG_WARN_OBJC_ROOT_CLASS = YES_ERROR;
				CLANG_WARN_SUSPICIOUS_MOVE = YES;
				CLANG_WARN_UNREACHABLE_CODE = YES;
				CLANG_WARN__DUPLICATE_METHOD_MATCH = YES;
				"CODE_SIGN_IDENTITY[sdk=iphoneos*]" = "iPhone Developer";
				COPY_PHASE_STRIP = NO;
				DEBUG_INFORMATION_FORMAT = "dwarf-with-dsym";
				ENABLE_NS_ASSERTIONS = NO;
				ENABLE_STRICT_OBJC_MSGSEND = YES;
				GCC_C_LANGUAGE_STANDARD = gnu99;
				GCC_NO_COMMON_BLOCKS = YES;
				GCC_WARN_64_TO_32_BIT_CONVERSION = YES;
				GCC_WARN_ABOUT_RETURN_TYPE = YES_ERROR;
				GCC_WARN_UNDECLARED_SELECTOR = YES;
				GCC_WARN_UNINITIALIZED_AUTOS = YES_AGGRESSIVE;
				GCC_WARN_UNUSED_FUNCTION = YES;
				GCC_WARN_UNUSED_VARIABLE = YES;
				IPHONEOS_DEPLOYMENT_TARGET = 9.0;
				MTL_ENABLE_DEBUG_INFO = NO;
				SDKROOT = iphoneos;
				VALIDATE_PRODUCT = YES;
			};
			name = Distribution;
		};
		484BA3B31CA0C89000BAEBC0 /* Distribution */ = {
			isa = XCBuildConfiguration;
			baseConfigurationReference = 62BE264DDAB11C98678991F6 /* Pods-Stabl.distribution.xcconfig */;
			buildSettings = {
				ASSETCATALOG_COMPILER_APPICON_NAME = AppIcon;
				CODE_SIGN_IDENTITY = "iPhone Developer";
				DEVELOPMENT_TEAM = C9U8PB68PN;
				ENABLE_BITCODE = NO;
				FRAMEWORK_SEARCH_PATHS = "$(inherited)";
				HEADER_SEARCH_PATHS = "\"${SDKROOT}/usr/include/libxml2\"";
				"HEADER_SEARCH_PATHS[arch=*]" = "";
				INFOPLIST_FILE = Stabl/Info.plist;
				LD_RUNPATH_SEARCH_PATHS = "$(inherited) @executable_path/Frameworks";
				LIBRARY_SEARCH_PATHS = /usr/include/libxml2;
				OTHER_LDFLAGS = (
					"$(OTHER_LDFLAGS)",
					"-ObjC",
				);
				OTHER_LIBTOOLFLAGS = /usr/include/libxml2;
				PRODUCT_BUNDLE_IDENTIFIER = com.stabl.stablapp;
				PRODUCT_NAME = "$(TARGET_NAME)";
				SWIFT_OBJC_BRIDGING_HEADER = "Stabl/Stabl-Bridging-Header.h";
				SWIFT_VERSION = 3.0;
			};
			name = Distribution;
		};
		484BA3B41CA0C89000BAEBC0 /* Distribution */ = {
			isa = XCBuildConfiguration;
			baseConfigurationReference = 51698A270AFDF53AAB89FF20 /* Pods-StablTests.distribution.xcconfig */;
			buildSettings = {
				BUNDLE_LOADER = "$(TEST_HOST)";
				CLANG_ENABLE_MODULES = YES;
				INFOPLIST_FILE = StablTests/Info.plist;
				LD_RUNPATH_SEARCH_PATHS = "$(inherited) @executable_path/Frameworks @loader_path/Frameworks";
				PRODUCT_BUNDLE_IDENTIFIER = com.musixstars.musixstarsapp.StablTests;
				PRODUCT_NAME = "$(TARGET_NAME)";
				SWIFT_OBJC_BRIDGING_HEADER = "Stabl/StablTests-Bridging-Header.h";
				SWIFT_VERSION = 3.0;
				TEST_HOST = "$(BUILT_PRODUCTS_DIR)/Stabl.app/Stabl";
			};
			name = Distribution;
		};
		484BA3B51CA0C89000BAEBC0 /* Distribution */ = {
			isa = XCBuildConfiguration;
			baseConfigurationReference = E43BAB3D6F54563D8C2D3792 /* Pods-StablUITests.distribution.xcconfig */;
			buildSettings = {
				CLANG_ENABLE_MODULES = YES;
				INFOPLIST_FILE = StablUITests/Info.plist;
				LD_RUNPATH_SEARCH_PATHS = "$(inherited) @executable_path/Frameworks @loader_path/Frameworks";
				PRODUCT_BUNDLE_IDENTIFIER = com.musixstars.musixstarsapp.StablUITests;
				PRODUCT_NAME = "$(TARGET_NAME)";
				SWIFT_OBJC_BRIDGING_HEADER = "Stabl/StablUITests-Bridging-Header.h";
				SWIFT_VERSION = 3.0;
				TEST_TARGET_NAME = Stabl;
				USES_XCTRUNNER = YES;
			};
			name = Distribution;
		};
		484E36ED1C380E5000520DAA /* Debug */ = {
			isa = XCBuildConfiguration;
			buildSettings = {
				ALWAYS_SEARCH_USER_PATHS = NO;
				CLANG_CXX_LANGUAGE_STANDARD = "gnu++0x";
				CLANG_CXX_LIBRARY = "libc++";
				CLANG_ENABLE_MODULES = YES;
				CLANG_ENABLE_OBJC_ARC = YES;
				CLANG_WARN_BOOL_CONVERSION = YES;
				CLANG_WARN_CONSTANT_CONVERSION = YES;
				CLANG_WARN_DIRECT_OBJC_ISA_USAGE = YES_ERROR;
				CLANG_WARN_EMPTY_BODY = YES;
				CLANG_WARN_ENUM_CONVERSION = YES;
				CLANG_WARN_INFINITE_RECURSION = YES;
				CLANG_WARN_INT_CONVERSION = YES;
				CLANG_WARN_OBJC_ROOT_CLASS = YES_ERROR;
				CLANG_WARN_SUSPICIOUS_MOVE = YES;
				CLANG_WARN_UNREACHABLE_CODE = YES;
				CLANG_WARN__DUPLICATE_METHOD_MATCH = YES;
				"CODE_SIGN_IDENTITY[sdk=iphoneos*]" = "iPhone Developer";
				COPY_PHASE_STRIP = NO;
				DEBUG_INFORMATION_FORMAT = dwarf;
				ENABLE_STRICT_OBJC_MSGSEND = YES;
				ENABLE_TESTABILITY = YES;
				GCC_C_LANGUAGE_STANDARD = gnu99;
				GCC_DYNAMIC_NO_PIC = NO;
				GCC_NO_COMMON_BLOCKS = YES;
				GCC_OPTIMIZATION_LEVEL = 0;
				GCC_PREPROCESSOR_DEFINITIONS = (
					"DEBUG=1",
					"$(inherited)",
				);
				GCC_WARN_64_TO_32_BIT_CONVERSION = YES;
				GCC_WARN_ABOUT_RETURN_TYPE = YES_ERROR;
				GCC_WARN_UNDECLARED_SELECTOR = YES;
				GCC_WARN_UNINITIALIZED_AUTOS = YES_AGGRESSIVE;
				GCC_WARN_UNUSED_FUNCTION = YES;
				GCC_WARN_UNUSED_VARIABLE = YES;
				IPHONEOS_DEPLOYMENT_TARGET = 9.0;
				MTL_ENABLE_DEBUG_INFO = YES;
				ONLY_ACTIVE_ARCH = YES;
				SDKROOT = iphoneos;
				SWIFT_OPTIMIZATION_LEVEL = "-Onone";
			};
			name = Debug;
		};
		484E36EE1C380E5000520DAA /* Release */ = {
			isa = XCBuildConfiguration;
			buildSettings = {
				ALWAYS_SEARCH_USER_PATHS = NO;
				CLANG_CXX_LANGUAGE_STANDARD = "gnu++0x";
				CLANG_CXX_LIBRARY = "libc++";
				CLANG_ENABLE_MODULES = YES;
				CLANG_ENABLE_OBJC_ARC = YES;
				CLANG_WARN_BOOL_CONVERSION = YES;
				CLANG_WARN_CONSTANT_CONVERSION = YES;
				CLANG_WARN_DIRECT_OBJC_ISA_USAGE = YES_ERROR;
				CLANG_WARN_EMPTY_BODY = YES;
				CLANG_WARN_ENUM_CONVERSION = YES;
				CLANG_WARN_INFINITE_RECURSION = YES;
				CLANG_WARN_INT_CONVERSION = YES;
				CLANG_WARN_OBJC_ROOT_CLASS = YES_ERROR;
				CLANG_WARN_SUSPICIOUS_MOVE = YES;
				CLANG_WARN_UNREACHABLE_CODE = YES;
				CLANG_WARN__DUPLICATE_METHOD_MATCH = YES;
				"CODE_SIGN_IDENTITY[sdk=iphoneos*]" = "iPhone Developer";
				COPY_PHASE_STRIP = NO;
				DEBUG_INFORMATION_FORMAT = "dwarf-with-dsym";
				ENABLE_NS_ASSERTIONS = NO;
				ENABLE_STRICT_OBJC_MSGSEND = YES;
				GCC_C_LANGUAGE_STANDARD = gnu99;
				GCC_NO_COMMON_BLOCKS = YES;
				GCC_WARN_64_TO_32_BIT_CONVERSION = YES;
				GCC_WARN_ABOUT_RETURN_TYPE = YES_ERROR;
				GCC_WARN_UNDECLARED_SELECTOR = YES;
				GCC_WARN_UNINITIALIZED_AUTOS = YES_AGGRESSIVE;
				GCC_WARN_UNUSED_FUNCTION = YES;
				GCC_WARN_UNUSED_VARIABLE = YES;
				IPHONEOS_DEPLOYMENT_TARGET = 9.0;
				MTL_ENABLE_DEBUG_INFO = NO;
				SDKROOT = iphoneos;
				SWIFT_OPTIMIZATION_LEVEL = "-Owholemodule";
				VALIDATE_PRODUCT = YES;
			};
			name = Release;
		};
		484E36F01C380E5000520DAA /* Debug */ = {
			isa = XCBuildConfiguration;
			baseConfigurationReference = 03B1A7306EC10A5702115335 /* Pods-Stabl.debug.xcconfig */;
			buildSettings = {
				ASSETCATALOG_COMPILER_APPICON_NAME = AppIcon;
				CODE_SIGN_IDENTITY = "iPhone Developer";
				DEVELOPMENT_TEAM = C9U8PB68PN;
				ENABLE_BITCODE = NO;
				FRAMEWORK_SEARCH_PATHS = "$(inherited)";
				HEADER_SEARCH_PATHS = "\"${SDKROOT}/usr/include/libxml2\"";
				INFOPLIST_FILE = Stabl/Info.plist;
				LD_RUNPATH_SEARCH_PATHS = "$(inherited) @executable_path/Frameworks";
				LIBRARY_SEARCH_PATHS = /usr/include/libxml2;
				OTHER_LDFLAGS = (
					"$(OTHER_LDFLAGS)",
					"-ObjC",
				);
				OTHER_LIBTOOLFLAGS = /usr/include/libxml2;
				PRODUCT_BUNDLE_IDENTIFIER = com.stabl.stablapp;
				PRODUCT_NAME = "$(TARGET_NAME)";
				SWIFT_OBJC_BRIDGING_HEADER = "Stabl/Stabl-Bridging-Header.h";
				SWIFT_VERSION = 3.0;
			};
			name = Debug;
		};
		484E36F11C380E5000520DAA /* Release */ = {
			isa = XCBuildConfiguration;
			baseConfigurationReference = BA304265D55C4E38BFEEA4E7 /* Pods-Stabl.release.xcconfig */;
			buildSettings = {
				ASSETCATALOG_COMPILER_APPICON_NAME = AppIcon;
				CODE_SIGN_IDENTITY = "iPhone Developer";
				DEVELOPMENT_TEAM = C9U8PB68PN;
				ENABLE_BITCODE = NO;
				FRAMEWORK_SEARCH_PATHS = "$(inherited)";
				HEADER_SEARCH_PATHS = "\"${SDKROOT}/usr/include/libxml2\"";
				"HEADER_SEARCH_PATHS[arch=*]" = "";
				INFOPLIST_FILE = Stabl/Info.plist;
				LD_RUNPATH_SEARCH_PATHS = "$(inherited) @executable_path/Frameworks";
				LIBRARY_SEARCH_PATHS = /usr/include/libxml2;
				OTHER_LDFLAGS = (
					"$(OTHER_LDFLAGS)",
					"-ObjC",
				);
				OTHER_LIBTOOLFLAGS = /usr/include/libxml2;
				PRODUCT_BUNDLE_IDENTIFIER = com.stabl.stablapp;
				PRODUCT_NAME = "$(TARGET_NAME)";
				SWIFT_OBJC_BRIDGING_HEADER = "Stabl/Stabl-Bridging-Header.h";
				SWIFT_VERSION = 3.0;
			};
			name = Release;
		};
		484E36F31C380E5000520DAA /* Debug */ = {
			isa = XCBuildConfiguration;
			baseConfigurationReference = 82D023B7CD2CC60C187437C5 /* Pods-StablTests.debug.xcconfig */;
			buildSettings = {
				BUNDLE_LOADER = "$(TEST_HOST)";
				CLANG_ENABLE_MODULES = YES;
				INFOPLIST_FILE = StablTests/Info.plist;
				LD_RUNPATH_SEARCH_PATHS = "$(inherited) @executable_path/Frameworks @loader_path/Frameworks";
				PRODUCT_BUNDLE_IDENTIFIER = com.musixstars.musixstarsapp.StablTests;
				PRODUCT_NAME = "$(TARGET_NAME)";
				SWIFT_OBJC_BRIDGING_HEADER = "Stabl/StablTests-Bridging-Header.h";
				SWIFT_OPTIMIZATION_LEVEL = "-Onone";
				SWIFT_VERSION = 3.0;
				TEST_HOST = "$(BUILT_PRODUCTS_DIR)/Stabl.app/Stabl";
			};
			name = Debug;
		};
		484E36F41C380E5000520DAA /* Release */ = {
			isa = XCBuildConfiguration;
			baseConfigurationReference = C956B0DAC5A09FD146F3A46B /* Pods-StablTests.release.xcconfig */;
			buildSettings = {
				BUNDLE_LOADER = "$(TEST_HOST)";
				CLANG_ENABLE_MODULES = YES;
				INFOPLIST_FILE = StablTests/Info.plist;
				LD_RUNPATH_SEARCH_PATHS = "$(inherited) @executable_path/Frameworks @loader_path/Frameworks";
				PRODUCT_BUNDLE_IDENTIFIER = com.musixstars.musixstarsapp.StablTests;
				PRODUCT_NAME = "$(TARGET_NAME)";
				SWIFT_OBJC_BRIDGING_HEADER = "Stabl/StablTests-Bridging-Header.h";
				SWIFT_VERSION = 3.0;
				TEST_HOST = "$(BUILT_PRODUCTS_DIR)/Stabl.app/Stabl";
			};
			name = Release;
		};
		484E36F61C380E5000520DAA /* Debug */ = {
			isa = XCBuildConfiguration;
			baseConfigurationReference = 61381A212C1A93B42D88B40C /* Pods-StablUITests.debug.xcconfig */;
			buildSettings = {
				CLANG_ENABLE_MODULES = YES;
				INFOPLIST_FILE = StablUITests/Info.plist;
				LD_RUNPATH_SEARCH_PATHS = "$(inherited) @executable_path/Frameworks @loader_path/Frameworks";
				PRODUCT_BUNDLE_IDENTIFIER = com.musixstars.musixstarsapp.StablUITests;
				PRODUCT_NAME = "$(TARGET_NAME)";
				SWIFT_OBJC_BRIDGING_HEADER = "Stabl/StablUITests-Bridging-Header.h";
				SWIFT_OPTIMIZATION_LEVEL = "-Onone";
				SWIFT_VERSION = 3.0;
				TEST_TARGET_NAME = Stabl;
				USES_XCTRUNNER = YES;
			};
			name = Debug;
		};
		484E36F71C380E5000520DAA /* Release */ = {
			isa = XCBuildConfiguration;
			baseConfigurationReference = D13754DF21788F3315712BFB /* Pods-StablUITests.release.xcconfig */;
			buildSettings = {
				CLANG_ENABLE_MODULES = YES;
				INFOPLIST_FILE = StablUITests/Info.plist;
				LD_RUNPATH_SEARCH_PATHS = "$(inherited) @executable_path/Frameworks @loader_path/Frameworks";
				PRODUCT_BUNDLE_IDENTIFIER = com.musixstars.musixstarsapp.StablUITests;
				PRODUCT_NAME = "$(TARGET_NAME)";
				SWIFT_OBJC_BRIDGING_HEADER = "Stabl/StablUITests-Bridging-Header.h";
				SWIFT_VERSION = 3.0;
				TEST_TARGET_NAME = Stabl;
				USES_XCTRUNNER = YES;
			};
			name = Release;
		};
/* End XCBuildConfiguration section */

/* Begin XCConfigurationList section */
		484E36BF1C380E4F00520DAA /* Build configuration list for PBXProject "Stabl" */ = {
			isa = XCConfigurationList;
			buildConfigurations = (
				484E36ED1C380E5000520DAA /* Debug */,
				484E36EE1C380E5000520DAA /* Release */,
				484BA3B21CA0C89000BAEBC0 /* Distribution */,
			);
			defaultConfigurationIsVisible = 0;
			defaultConfigurationName = Debug;
		};
		484E36EF1C380E5000520DAA /* Build configuration list for PBXNativeTarget "Stabl" */ = {
			isa = XCConfigurationList;
			buildConfigurations = (
				484E36F01C380E5000520DAA /* Debug */,
				484E36F11C380E5000520DAA /* Release */,
				484BA3B31CA0C89000BAEBC0 /* Distribution */,
			);
			defaultConfigurationIsVisible = 0;
			defaultConfigurationName = Debug;
		};
		484E36F21C380E5000520DAA /* Build configuration list for PBXNativeTarget "StablTests" */ = {
			isa = XCConfigurationList;
			buildConfigurations = (
				484E36F31C380E5000520DAA /* Debug */,
				484E36F41C380E5000520DAA /* Release */,
				484BA3B41CA0C89000BAEBC0 /* Distribution */,
			);
			defaultConfigurationIsVisible = 0;
			defaultConfigurationName = Debug;
		};
		484E36F51C380E5000520DAA /* Build configuration list for PBXNativeTarget "StablUITests" */ = {
			isa = XCConfigurationList;
			buildConfigurations = (
				484E36F61C380E5000520DAA /* Debug */,
				484E36F71C380E5000520DAA /* Release */,
				484BA3B51CA0C89000BAEBC0 /* Distribution */,
			);
			defaultConfigurationIsVisible = 0;
			defaultConfigurationName = Debug;
		};
/* End XCConfigurationList section */

/* Begin XCVersionGroup section */
		484E36CE1C380E4F00520DAA /* Stabl.xcdatamodeld */ = {
			isa = XCVersionGroup;
			children = (
				484E36CF1C380E4F00520DAA /* Stabl.xcdatamodel */,
			);
			currentVersion = 484E36CF1C380E4F00520DAA /* Stabl.xcdatamodel */;
			path = Stabl.xcdatamodeld;
			sourceTree = "<group>";
			versionGroupType = wrapper.xcdatamodel;
		};
/* End XCVersionGroup section */
	};
	rootObject = 484E36BC1C380E4F00520DAA /* Project object */;
}
